// !$*UTF8*$!
{
	archiveVersion = 1;
	classes = {
	};
	objectVersion = 46;
	objects = {

/* Begin PBXBuildFile section */
		E56E56D01D77D534009DC46E /* AppDelegate.swift in Sources */ = {isa = PBXBuildFile; fileRef = E56E56CF1D77D534009DC46E /* AppDelegate.swift */; };
		E56E56D21D77D534009DC46E /* FirstViewController.swift in Sources */ = {isa = PBXBuildFile; fileRef = E56E56D11D77D534009DC46E /* FirstViewController.swift */; };
		E56E56D41D77D534009DC46E /* SecondViewController.swift in Sources */ = {isa = PBXBuildFile; fileRef = E56E56D31D77D534009DC46E /* SecondViewController.swift */; };
		E56E56D71D77D534009DC46E /* Main.storyboard in Resources */ = {isa = PBXBuildFile; fileRef = E56E56D51D77D534009DC46E /* Main.storyboard */; };
		E56E56D91D77D534009DC46E /* Assets.xcassets in Resources */ = {isa = PBXBuildFile; fileRef = E56E56D81D77D534009DC46E /* Assets.xcassets */; };
		E56E56DC1D77D534009DC46E /* LaunchScreen.storyboard in Resources */ = {isa = PBXBuildFile; fileRef = E56E56DA1D77D534009DC46E /* LaunchScreen.storyboard */; };
		E56E56E71D77D534009DC46E /* neuroappTests.swift in Sources */ = {isa = PBXBuildFile; fileRef = E56E56E61D77D534009DC46E /* neuroappTests.swift */; };
		E56E56F21D77D534009DC46E /* neuroappUITests.swift in Sources */ = {isa = PBXBuildFile; fileRef = E56E56F11D77D534009DC46E /* neuroappUITests.swift */; };
/* End PBXBuildFile section */

/* Begin PBXContainerItemProxy section */
		E56E56E31D77D534009DC46E /* PBXContainerItemProxy */ = {
			isa = PBXContainerItemProxy;
			containerPortal = E56E56C41D77D534009DC46E /* Project object */;
			proxyType = 1;
			remoteGlobalIDString = E56E56CB1D77D534009DC46E;
			remoteInfo = neuroapp;
		};
		E56E56EE1D77D534009DC46E /* PBXContainerItemProxy */ = {
			isa = PBXContainerItemProxy;
			containerPortal = E56E56C41D77D534009DC46E /* Project object */;
			proxyType = 1;
			remoteGlobalIDString = E56E56CB1D77D534009DC46E;
			remoteInfo = neuroapp;
		};
/* End PBXContainerItemProxy section */

/* Begin PBXFileReference section */
		E56E56CC1D77D534009DC46E /* neuroapp.app */ = {isa = PBXFileReference; explicitFileType = wrapper.application; includeInIndex = 0; path = neuroapp.app; sourceTree = BUILT_PRODUCTS_DIR; };
		E56E56CF1D77D534009DC46E /* AppDelegate.swift */ = {isa = PBXFileReference; lastKnownFileType = sourcecode.swift; path = AppDelegate.swift; sourceTree = "<group>"; };
		E56E56D11D77D534009DC46E /* FirstViewController.swift */ = {isa = PBXFileReference; lastKnownFileType = sourcecode.swift; path = FirstViewController.swift; sourceTree = "<group>"; };
		E56E56D31D77D534009DC46E /* SecondViewController.swift */ = {isa = PBXFileReference; lastKnownFileType = sourcecode.swift; path = SecondViewController.swift; sourceTree = "<group>"; };
		E56E56D61D77D534009DC46E /* Base */ = {isa = PBXFileReference; lastKnownFileType = file.storyboard; name = Base; path = Base.lproj/Main.storyboard; sourceTree = "<group>"; };
		E56E56D81D77D534009DC46E /* Assets.xcassets */ = {isa = PBXFileReference; lastKnownFileType = folder.assetcatalog; path = Assets.xcassets; sourceTree = "<group>"; };
		E56E56DB1D77D534009DC46E /* Base */ = {isa = PBXFileReference; lastKnownFileType = file.storyboard; name = Base; path = Base.lproj/LaunchScreen.storyboard; sourceTree = "<group>"; };
		E56E56DD1D77D534009DC46E /* Info.plist */ = {isa = PBXFileReference; lastKnownFileType = text.plist.xml; path = Info.plist; sourceTree = "<group>"; };
		E56E56E21D77D534009DC46E /* neuroappTests.xctest */ = {isa = PBXFileReference; explicitFileType = wrapper.cfbundle; includeInIndex = 0; path = neuroappTests.xctest; sourceTree = BUILT_PRODUCTS_DIR; };
		E56E56E61D77D534009DC46E /* neuroappTests.swift */ = {isa = PBXFileReference; lastKnownFileType = sourcecode.swift; path = neuroappTests.swift; sourceTree = "<group>"; };
		E56E56E81D77D534009DC46E /* Info.plist */ = {isa = PBXFileReference; lastKnownFileType = text.plist.xml; path = Info.plist; sourceTree = "<group>"; };
		E56E56ED1D77D534009DC46E /* neuroappUITests.xctest */ = {isa = PBXFileReference; explicitFileType = wrapper.cfbundle; includeInIndex = 0; path = neuroappUITests.xctest; sourceTree = BUILT_PRODUCTS_DIR; };
		E56E56F11D77D534009DC46E /* neuroappUITests.swift */ = {isa = PBXFileReference; lastKnownFileType = sourcecode.swift; path = neuroappUITests.swift; sourceTree = "<group>"; };
		E56E56F31D77D534009DC46E /* Info.plist */ = {isa = PBXFileReference; lastKnownFileType = text.plist.xml; path = Info.plist; sourceTree = "<group>"; };
/* End PBXFileReference section */

/* Begin PBXFrameworksBuildPhase section */
		E56E56C91D77D534009DC46E /* Frameworks */ = {
			isa = PBXFrameworksBuildPhase;
			buildActionMask = 2147483647;
			files = (
			);
			runOnlyForDeploymentPostprocessing = 0;
		};
		E56E56DF1D77D534009DC46E /* Frameworks */ = {
			isa = PBXFrameworksBuildPhase;
			buildActionMask = 2147483647;
			files = (
			);
			runOnlyForDeploymentPostprocessing = 0;
		};
		E56E56EA1D77D534009DC46E /* Frameworks */ = {
			isa = PBXFrameworksBuildPhase;
			buildActionMask = 2147483647;
			files = (
			);
			runOnlyForDeploymentPostprocessing = 0;
		};
/* End PBXFrameworksBuildPhase section */

/* Begin PBXGroup section */
		E56E56C31D77D534009DC46E = {
			isa = PBXGroup;
			children = (
				E56E56CE1D77D534009DC46E /* neuroapp */,
				E56E56E51D77D534009DC46E /* neuroappTests */,
				E56E56F01D77D534009DC46E /* neuroappUITests */,
				E56E56CD1D77D534009DC46E /* Products */,
			);
			sourceTree = "<group>";
		};
		E56E56CD1D77D534009DC46E /* Products */ = {
			isa = PBXGroup;
			children = (
				E56E56CC1D77D534009DC46E /* neuroapp.app */,
				E56E56E21D77D534009DC46E /* neuroappTests.xctest */,
				E56E56ED1D77D534009DC46E /* neuroappUITests.xctest */,
			);
			name = Products;
			sourceTree = "<group>";
		};
		E56E56CE1D77D534009DC46E /* neuroapp */ = {
			isa = PBXGroup;
			children = (
				E56E56CF1D77D534009DC46E /* AppDelegate.swift */,
				E56E56D11D77D534009DC46E /* FirstViewController.swift */,
				E56E56D31D77D534009DC46E /* SecondViewController.swift */,
				E56E56D51D77D534009DC46E /* Main.storyboard */,
				E56E56D81D77D534009DC46E /* Assets.xcassets */,
				E56E56DA1D77D534009DC46E /* LaunchScreen.storyboard */,
				E56E56DD1D77D534009DC46E /* Info.plist */,
			);
			path = neuroapp;
			sourceTree = "<group>";
		};
		E56E56E51D77D534009DC46E /* neuroappTests */ = {
			isa = PBXGroup;
			children = (
				E56E56E61D77D534009DC46E /* neuroappTests.swift */,
				E56E56E81D77D534009DC46E /* Info.plist */,
			);
			path = neuroappTests;
			sourceTree = "<group>";
		};
		E56E56F01D77D534009DC46E /* neuroappUITests */ = {
			isa = PBXGroup;
			children = (
				E56E56F11D77D534009DC46E /* neuroappUITests.swift */,
				E56E56F31D77D534009DC46E /* Info.plist */,
			);
			path = neuroappUITests;
			sourceTree = "<group>";
		};
/* End PBXGroup section */

/* Begin PBXNativeTarget section */
		E56E56CB1D77D534009DC46E /* neuroapp */ = {
			isa = PBXNativeTarget;
			buildConfigurationList = E56E56F61D77D534009DC46E /* Build configuration list for PBXNativeTarget "neuroapp" */;
			buildPhases = (
				E56E56C81D77D534009DC46E /* Sources */,
				E56E56C91D77D534009DC46E /* Frameworks */,
				E56E56CA1D77D534009DC46E /* Resources */,
			);
			buildRules = (
			);
			dependencies = (
			);
			name = neuroapp;
			productName = neuroapp;
			productReference = E56E56CC1D77D534009DC46E /* neuroapp.app */;
			productType = "com.apple.product-type.application";
		};
		E56E56E11D77D534009DC46E /* neuroappTests */ = {
			isa = PBXNativeTarget;
			buildConfigurationList = E56E56F91D77D534009DC46E /* Build configuration list for PBXNativeTarget "neuroappTests" */;
			buildPhases = (
				E56E56DE1D77D534009DC46E /* Sources */,
				E56E56DF1D77D534009DC46E /* Frameworks */,
				E56E56E01D77D534009DC46E /* Resources */,
			);
			buildRules = (
			);
			dependencies = (
				E56E56E41D77D534009DC46E /* PBXTargetDependency */,
			);
			name = neuroappTests;
			productName = neuroappTests;
			productReference = E56E56E21D77D534009DC46E /* neuroappTests.xctest */;
			productType = "com.apple.product-type.bundle.unit-test";
		};
		E56E56EC1D77D534009DC46E /* neuroappUITests */ = {
			isa = PBXNativeTarget;
			buildConfigurationList = E56E56FC1D77D534009DC46E /* Build configuration list for PBXNativeTarget "neuroappUITests" */;
			buildPhases = (
				E56E56E91D77D534009DC46E /* Sources */,
				E56E56EA1D77D534009DC46E /* Frameworks */,
				E56E56EB1D77D534009DC46E /* Resources */,
			);
			buildRules = (
			);
			dependencies = (
				E56E56EF1D77D534009DC46E /* PBXTargetDependency */,
			);
			name = neuroappUITests;
			productName = neuroappUITests;
			productReference = E56E56ED1D77D534009DC46E /* neuroappUITests.xctest */;
			productType = "com.apple.product-type.bundle.ui-testing";
		};
/* End PBXNativeTarget section */

/* Begin PBXProject section */
		E56E56C41D77D534009DC46E /* Project object */ = {
			isa = PBXProject;
			attributes = {
				LastSwiftUpdateCheck = 0730;
				LastUpgradeCheck = 0730;
				ORGANIZATIONNAME = "Ian Thomson";
				TargetAttributes = {
					E56E56CB1D77D534009DC46E = {
						CreatedOnToolsVersion = 7.3.1;
					};
					E56E56E11D77D534009DC46E = {
						CreatedOnToolsVersion = 7.3.1;
						TestTargetID = E56E56CB1D77D534009DC46E;
					};
					E56E56EC1D77D534009DC46E = {
						CreatedOnToolsVersion = 7.3.1;
						TestTargetID = E56E56CB1D77D534009DC46E;
					};
				};
			};
			buildConfigurationList = E56E56C71D77D534009DC46E /* Build configuration list for PBXProject "neuroapp" */;
			compatibilityVersion = "Xcode 3.2";
			developmentRegion = English;
			hasScannedForEncodings = 0;
			knownRegions = (
				en,
				Base,
			);
			mainGroup = E56E56C31D77D534009DC46E;
			productRefGroup = E56E56CD1D77D534009DC46E /* Products */;
			projectDirPath = "";
			projectRoot = "";
			targets = (
				E56E56CB1D77D534009DC46E /* neuroapp */,
				E56E56E11D77D534009DC46E /* neuroappTests */,
				E56E56EC1D77D534009DC46E /* neuroappUITests */,
			);
		};
/* End PBXProject section */

/* Begin PBXResourcesBuildPhase section */
		E56E56CA1D77D534009DC46E /* Resources */ = {
			isa = PBXResourcesBuildPhase;
			buildActionMask = 2147483647;
			files = (
				E56E56DC1D77D534009DC46E /* LaunchScreen.storyboard in Resources */,
				E56E56D91D77D534009DC46E /* Assets.xcassets in Resources */,
				E56E56D71D77D534009DC46E /* Main.storyboard in Resources */,
			);
			runOnlyForDeploymentPostprocessing = 0;
		};
		E56E56E01D77D534009DC46E /* Resources */ = {
			isa = PBXResourcesBuildPhase;
			buildActionMask = 2147483647;
			files = (
			);
			runOnlyForDeploymentPostprocessing = 0;
		};
		E56E56EB1D77D534009DC46E /* Resources */ = {
			isa = PBXResourcesBuildPhase;
			buildActionMask = 2147483647;
			files = (
			);
			runOnlyForDeploymentPostprocessing = 0;
		};
/* End PBXResourcesBuildPhase section */

/* Begin PBXSourcesBuildPhase section */
		E56E56C81D77D534009DC46E /* Sources */ = {
			isa = PBXSourcesBuildPhase;
			buildActionMask = 2147483647;
			files = (
				E56E56D41D77D534009DC46E /* SecondViewController.swift in Sources */,
				E56E56D01D77D534009DC46E /* AppDelegate.swift in Sources */,
				E56E56D21D77D534009DC46E /* FirstViewController.swift in Sources */,
			);
			runOnlyForDeploymentPostprocessing = 0;
		};
		E56E56DE1D77D534009DC46E /* Sources */ = {
			isa = PBXSourcesBuildPhase;
			buildActionMask = 2147483647;
			files = (
				E56E56E71D77D534009DC46E /* neuroappTests.swift in Sources */,
			);
			runOnlyForDeploymentPostprocessing = 0;
		};
		E56E56E91D77D534009DC46E /* Sources */ = {
			isa = PBXSourcesBuildPhase;
			buildActionMask = 2147483647;
			files = (
				E56E56F21D77D534009DC46E /* neuroappUITests.swift in Sources */,
			);
			runOnlyForDeploymentPostprocessing = 0;
		};
/* End PBXSourcesBuildPhase section */

/* Begin PBXTargetDependency section */
		E56E56E41D77D534009DC46E /* PBXTargetDependency */ = {
			isa = PBXTargetDependency;
			target = E56E56CB1D77D534009DC46E /* neuroapp */;
			targetProxy = E56E56E31D77D534009DC46E /* PBXContainerItemProxy */;
		};
		E56E56EF1D77D534009DC46E /* PBXTargetDependency */ = {
			isa = PBXTargetDependency;
			target = E56E56CB1D77D534009DC46E /* neuroapp */;
			targetProxy = E56E56EE1D77D534009DC46E /* PBXContainerItemProxy */;
		};
/* End PBXTargetDependency section */

/* Begin PBXVariantGroup section */
		E56E56D51D77D534009DC46E /* Main.storyboard */ = {
			isa = PBXVariantGroup;
			children = (
				E56E56D61D77D534009DC46E /* Base */,
			);
			name = Main.storyboard;
			sourceTree = "<group>";
		};
		E56E56DA1D77D534009DC46E /* LaunchScreen.storyboard */ = {
			isa = PBXVariantGroup;
			children = (
				E56E56DB1D77D534009DC46E /* Base */,
			);
			name = LaunchScreen.storyboard;
			sourceTree = "<group>";
		};
/* End PBXVariantGroup section */

/* Begin XCBuildConfiguration section */
		E56E56F41D77D534009DC46E /* Debug */ = {
			isa = XCBuildConfiguration;
			buildSettings = {
				ALWAYS_SEARCH_USER_PATHS = NO;
				CLANG_ANALYZER_NONNULL = YES;
				CLANG_CXX_LANGUAGE_STANDARD = "gnu++0x";
				CLANG_CXX_LIBRARY = "libc++";
				CLANG_ENABLE_MODULES = YES;
				CLANG_ENABLE_OBJC_ARC = YES;
				CLANG_WARN_BOOL_CONVERSION = YES;
				CLANG_WARN_CONSTANT_CONVERSION = YES;
				CLANG_WARN_DIRECT_OBJC_ISA_USAGE = YES_ERROR;
				CLANG_WARN_EMPTY_BODY = YES;
				CLANG_WARN_ENUM_CONVERSION = YES;
				CLANG_WARN_INT_CONVERSION = YES;
				CLANG_WARN_OBJC_ROOT_CLASS = YES_ERROR;
				CLANG_WARN_UNREACHABLE_CODE = YES;
				CLANG_WARN__DUPLICATE_METHOD_MATCH = YES;
				"CODE_SIGN_IDENTITY[sdk=iphoneos*]" = "iPhone Developer";
				COPY_PHASE_STRIP = NO;
				DEBUG_INFORMATION_FORMAT = dwarf;
				ENABLE_STRICT_OBJC_MSGSEND = YES;
				ENABLE_TESTABILITY = YES;
				GCC_C_LANGUAGE_STANDARD = gnu99;
				GCC_DYNAMIC_NO_PIC = NO;
				GCC_NO_COMMON_BLOCKS = YES;
				GCC_OPTIMIZATION_LEVEL = 0;
				GCC_PREPROCESSOR_DEFINITIONS = (
					"DEBUG=1",
					"$(inherited)",
				);
				GCC_WARN_64_TO_32_BIT_CONVERSION = YES;
				GCC_WARN_ABOUT_RETURN_TYPE = YES_ERROR;
				GCC_WARN_UNDECLARED_SELECTOR = YES;
				GCC_WARN_UNINITIALIZED_AUTOS = YES_AGGRESSIVE;
				GCC_WARN_UNUSED_FUNCTION = YES;
				GCC_WARN_UNUSED_VARIABLE = YES;
				IPHONEOS_DEPLOYMENT_TARGET = 9.3;
				MTL_ENABLE_DEBUG_INFO = YES;
				ONLY_ACTIVE_ARCH = YES;
				SDKROOT = iphoneos;
				SWIFT_OPTIMIZATION_LEVEL = "-Onone";
				TARGETED_DEVICE_FAMILY = "1,2";
			};
			name = Debug;
		};
		E56E56F51D77D534009DC46E /* Release */ = {
			isa = XCBuildConfiguration;
			buildSettings = {
				ALWAYS_SEARCH_USER_PATHS = NO;
				CLANG_ANALYZER_NONNULL = YES;
				CLANG_CXX_LANGUAGE_STANDARD = "gnu++0x";
				CLANG_CXX_LIBRARY = "libc++";
				CLANG_ENABLE_MODULES = YES;
				CLANG_ENABLE_OBJC_ARC = YES;
				CLANG_WARN_BOOL_CONVERSION = YES;
				CLANG_WARN_CONSTANT_CONVERSION = YES;
				CLANG_WARN_DIRECT_OBJC_ISA_USAGE = YES_ERROR;
				CLANG_WARN_EMPTY_BODY = YES;
				CLANG_WARN_ENUM_CONVERSION = YES;
				CLANG_WARN_INT_CONVERSION = YES;
				CLANG_WARN_OBJC_ROOT_CLASS = YES_ERROR;
				CLANG_WARN_UNREACHABLE_CODE = YES;
				CLANG_WARN__DUPLICATE_METHOD_MATCH = YES;
				"CODE_SIGN_IDENTITY[sdk=iphoneos*]" = "iPhone Developer";
				COPY_PHASE_STRIP = NO;
				DEBUG_INFORMATION_FORMAT = "dwarf-with-dsym";
				ENABLE_NS_ASSERTIONS = NO;
				ENABLE_STRICT_OBJC_MSGSEND = YES;
				GCC_C_LANGUAGE_STANDARD = gnu99;
				GCC_NO_COMMON_BLOCKS = YES;
				GCC_WARN_64_TO_32_BIT_CONVERSION = YES;
				GCC_WARN_ABOUT_RETURN_TYPE = YES_ERROR;
				GCC_WARN_UNDECLARED_SELECTOR = YES;
				GCC_WARN_UNINITIALIZED_AUTOS = YES_AGGRESSIVE;
				GCC_WARN_UNUSED_FUNCTION = YES;
				GCC_WARN_UNUSED_VARIABLE = YES;
				IPHONEOS_DEPLOYMENT_TARGET = 9.3;
				MTL_ENABLE_DEBUG_INFO = NO;
				SDKROOT = iphoneos;
				TARGETED_DEVICE_FAMILY = "1,2";
				VALIDATE_PRODUCT = YES;
			};
			name = Release;
		};
		E56E56F71D77D534009DC46E /* Debug */ = {
			isa = XCBuildConfiguration;
			buildSettings = {
				ASSETCATALOG_COMPILER_APPICON_NAME = AppIcon;
				INFOPLIST_FILE = neuroapp/Info.plist;
				LD_RUNPATH_SEARCH_PATHS = "$(inherited) @executable_path/Frameworks";
				PRODUCT_BUNDLE_IDENTIFIER = com.neuropatterning.neuroapp;
				PRODUCT_NAME = "$(TARGET_NAME)";
			};
			name = Debug;
		};
		E56E56F81D77D534009DC46E /* Release */ = {
			isa = XCBuildConfiguration;
			buildSettings = {
				ASSETCATALOG_COMPILER_APPICON_NAME = AppIcon;
				INFOPLIST_FILE = neuroapp/Info.plist;
				LD_RUNPATH_SEARCH_PATHS = "$(inherited) @executable_path/Frameworks";
				PRODUCT_BUNDLE_IDENTIFIER = com.neuropatterning.neuroapp;
				PRODUCT_NAME = "$(TARGET_NAME)";
			};
			name = Release;
		};
		E56E56FA1D77D534009DC46E /* Debug */ = {
			isa = XCBuildConfiguration;
			buildSettings = {
				BUNDLE_LOADER = "$(TEST_HOST)";
				INFOPLIST_FILE = neuroappTests/Info.plist;
				LD_RUNPATH_SEARCH_PATHS = "$(inherited) @executable_path/Frameworks @loader_path/Frameworks";
				PRODUCT_BUNDLE_IDENTIFIER = com.neuropatterning.neuroappTests;
				PRODUCT_NAME = "$(TARGET_NAME)";
				TEST_HOST = "$(BUILT_PRODUCTS_DIR)/neuroapp.app/neuroapp";
			};
			name = Debug;
		};
		E56E56FB1D77D534009DC46E /* Release */ = {
			isa = XCBuildConfiguration;
			buildSettings = {
				BUNDLE_LOADER = "$(TEST_HOST)";
				INFOPLIST_FILE = neuroappTests/Info.plist;
				LD_RUNPATH_SEARCH_PATHS = "$(inherited) @executable_path/Frameworks @loader_path/Frameworks";
				PRODUCT_BUNDLE_IDENTIFIER = com.neuropatterning.neuroappTests;
				PRODUCT_NAME = "$(TARGET_NAME)";
				TEST_HOST = "$(BUILT_PRODUCTS_DIR)/neuroapp.app/neuroapp";
			};
			name = Release;
		};
		E56E56FD1D77D534009DC46E /* Debug */ = {
			isa = XCBuildConfiguration;
			buildSettings = {
				INFOPLIST_FILE = neuroappUITests/Info.plist;
				LD_RUNPATH_SEARCH_PATHS = "$(inherited) @executable_path/Frameworks @loader_path/Frameworks";
				PRODUCT_BUNDLE_IDENTIFIER = com.neuropatterning.neuroappUITests;
				PRODUCT_NAME = "$(TARGET_NAME)";
				TEST_TARGET_NAME = neuroapp;
			};
			name = Debug;
		};
		E56E56FE1D77D534009DC46E /* Release */ = {
			isa = XCBuildConfiguration;
			buildSettings = {
				INFOPLIST_FILE = neuroappUITests/Info.plist;
				LD_RUNPATH_SEARCH_PATHS = "$(inherited) @executable_path/Frameworks @loader_path/Frameworks";
				PRODUCT_BUNDLE_IDENTIFIER = com.neuropatterning.neuroappUITests;
				PRODUCT_NAME = "$(TARGET_NAME)";
				TEST_TARGET_NAME = neuroapp;
			};
			name = Release;
		};
/* End XCBuildConfiguration section */

/* Begin XCConfigurationList section */
		E56E56C71D77D534009DC46E /* Build configuration list for PBXProject "neuroapp" */ = {
			isa = XCConfigurationList;
			buildConfigurations = (
				E56E56F41D77D534009DC46E /* Debug */,
				E56E56F51D77D534009DC46E /* Release */,
			);
			defaultConfigurationIsVisible = 0;
			defaultConfigurationName = Release;
		};
		E56E56F61D77D534009DC46E /* Build configuration list for PBXNativeTarget "neuroapp" */ = {
			isa = XCConfigurationList;
			buildConfigurations = (
				E56E56F71D77D534009DC46E /* Debug */,
				E56E56F81D77D534009DC46E /* Release */,
			);
			defaultConfigurationIsVisible = 0;
		};
		E56E56F91D77D534009DC46E /* Build configuration list for PBXNativeTarget "neuroappTests" */ = {
			isa = XCConfigurationList;
			buildConfigurations = (
				E56E56FA1D77D534009DC46E /* Debug */,
				E56E56FB1D77D534009DC46E /* Release */,
			);
			defaultConfigurationIsVisible = 0;
		};
		E56E56FC1D77D534009DC46E /* Build configuration list for PBXNativeTarget "neuroappUITests" */ = {
			isa = XCConfigurationList;
			buildConfigurations = (
				E56E56FD1D77D534009DC46E /* Debug */,
				E56E56FE1D77D534009DC46E /* Release */,
			);
			defaultConfigurationIsVisible = 0;
		};
/* End XCConfigurationList section */
	};
	rootObject = E56E56C41D77D534009DC46E /* Project object */;
}
